
Microsoft Visual Studio Solution File, Format Version 12.00
# Visual Studio Version 17
VisualStudioVersion = 17.4.33110.190
MinimumVisualStudioVersion = 10.0.40219.1
Project("{9A19103F-16F7-4668-BE54-9A1E7A4F7556}") = "ExampleDemoWpf", "ExampleDemoWpf\ExampleDemoWpf.csproj", "{0772549D-74E4-47E0-A9FD-2CBFFE833475}"
EndProject
Project("{FAE04EC0-301F-11D3-BF4B-00C04F79EFBC}") = "ExampleDemoWpf.BLL", "ExampleDemoWpf.BLL\ExampleDemoWpf.BLL.csproj", "{63762E9D-1477-4D90-AF8D-D2183D1090D4}"
EndProject
Global
	GlobalSection(SolutionConfigurationPlatforms) = preSolution
		Debug|Any CPU = Debug|Any CPU
		Release|Any CPU = Release|Any CPU
	EndGlobalSection
	GlobalSection(ProjectConfigurationPlatforms) = postSolution
		{0772549D-74E4-47E0-A9FD-2CBFFE833475}.Debug|Any CPU.ActiveCfg = Debug|Any CPU
		{0772549D-74E4-47E0-A9FD-2CBFFE833475}.Debug|Any CPU.Build.0 = Debug|Any CPU
		{0772549D-74E4-47E0-A9FD-2CBFFE833475}.Release|Any CPU.ActiveCfg = Release|Any CPU
		{0772549D-74E4-47E0-A9FD-2CBFFE833475}.Release|Any CPU.Build.0 = Release|Any CPU
		{63762E9D-1477-4D90-AF8D-D2183D1090D4}.Debug|Any CPU.ActiveCfg = Debug|Any CPU
		{63762E9D-1477-4D90-AF8D-D2183D1090D4}.Debug|Any CPU.Build.0 = Debug|Any CPU
		{63762E9D-1477-4D90-AF8D-D2183D1090D4}.Release|Any CPU.ActiveCfg = Release|Any CPU
		{63762E9D-1477-4D90-AF8D-D2183D1090D4}.Release|Any CPU.Build.0 = Release|Any CPU
	EndGlobalSection
	GlobalSection(SolutionProperties) = preSolution
		HideSolutionNode = FALSE
	EndGlobalSection
	GlobalSection(ExtensibilityGlobals) = postSolution
		SolutionGuid = {73CB03D2-BACA-4935-B5EB-C37DB08445D4}
	EndGlobalSection
EndGlobal
